
Microsoft Visual Studio Solution File, Format Version 12.00
# Visual Studio 15
VisualStudioVersion = 15.0.28010.2041
MinimumVisualStudioVersion = 10.0.40219.1
Project("{FAE04EC0-301F-11D3-BF4B-00C04F79EFBC}") = "Moodle.Android", "Moodle\Moodle.Android\Moodle.Android.csproj", "{43841726-A8B9-4F5C-99B2-32B451127B67}"
EndProject
Project("{FAE04EC0-301F-11D3-BF4B-00C04F79EFBC}") = "Moodle.iOS", "Moodle\Moodle.iOS\Moodle.iOS.csproj", "{C5AA34D5-2FD1-4209-B927-0C8B0D2060C4}"
EndProject
Project("{FAE04EC0-301F-11D3-BF4B-00C04F79EFBC}") = "Moodle", "Moodle\Moodle\Moodle.csproj", "{526B05B3-DE95-4B8F-B285-48C11BC73297}"
EndProject
Global
	GlobalSection(SolutionConfigurationPlatforms) = preSolution
		Ad-Hoc|Any CPU = Ad-Hoc|Any CPU
		Ad-Hoc|iPhone = Ad-Hoc|iPhone
		Ad-Hoc|iPhoneSimulator = Ad-Hoc|iPhoneSimulator
		AppStore|Any CPU = AppStore|Any CPU
		AppStore|iPhone = AppStore|iPhone
		AppStore|iPhoneSimulator = AppStore|iPhoneSimulator
		Debug|Any CPU = Debug|Any CPU
		Debug|iPhone = Debug|iPhone
		Debug|iPhoneSimulator = Debug|iPhoneSimulator
		Release|Any CPU = Release|Any CPU
		Release|iPhone = Release|iPhone
		Release|iPhoneSimulator = Release|iPhoneSimulator
	EndGlobalSection
	GlobalSection(ProjectConfigurationPlatforms) = postSolution
		{43841726-A8B9-4F5C-99B2-32B451127B67}.Ad-Hoc|Any CPU.ActiveCfg = Release|Any CPU
		{43841726-A8B9-4F5C-99B2-32B451127B67}.Ad-Hoc|Any CPU.Build.0 = Release|Any CPU
		{43841726-A8B9-4F5C-99B2-32B451127B67}.Ad-Hoc|Any CPU.Deploy.0 = Release|Any CPU
		{43841726-A8B9-4F5C-99B2-32B451127B67}.Ad-Hoc|iPhone.ActiveCfg = Release|Any CPU
		{43841726-A8B9-4F5C-99B2-32B451127B67}.Ad-Hoc|iPhone.Build.0 = Release|Any CPU
		{43841726-A8B9-4F5C-99B2-32B451127B67}.Ad-Hoc|iPhone.Deploy.0 = Release|Any CPU
		{43841726-A8B9-4F5C-99B2-32B451127B67}.Ad-Hoc|iPhoneSimulator.ActiveCfg = Release|Any CPU
		{43841726-A8B9-4F5C-99B2-32B451127B67}.Ad-Hoc|iPhoneSimulator.Build.0 = Release|Any CPU
		{43841726-A8B9-4F5C-99B2-32B451127B67}.Ad-Hoc|iPhoneSimulator.Deploy.0 = Release|Any CPU
		{43841726-A8B9-4F5C-99B2-32B451127B67}.AppStore|Any CPU.ActiveCfg = Release|Any CPU
		{43841726-A8B9-4F5C-99B2-32B451127B67}.AppStore|Any CPU.Build.0 = Release|Any CPU
		{43841726-A8B9-4F5C-99B2-32B451127B67}.AppStore|Any CPU.Deploy.0 = Release|Any CPU
		{43841726-A8B9-4F5C-99B2-32B451127B67}.AppStore|iPhone.ActiveCfg = Release|Any CPU
		{43841726-A8B9-4F5C-99B2-32B451127B67}.AppStore|iPhone.Build.0 = Release|Any CPU
		{43841726-A8B9-4F5C-99B2-32B451127B67}.AppStore|iPhone.Deploy.0 = Release|Any CPU
		{43841726-A8B9-4F5C-99B2-32B451127B67}.AppStore|iPhoneSimulator.ActiveCfg = Release|Any CPU
		{43841726-A8B9-4F5C-99B2-32B451127B67}.AppStore|iPhoneSimulator.Build.0 = Release|Any CPU
		{43841726-A8B9-4F5C-99B2-32B451127B67}.AppStore|iPhoneSimulator.Deploy.0 = Release|Any CPU
		{43841726-A8B9-4F5C-99B2-32B451127B67}.Debug|Any CPU.ActiveCfg = Debug|Any CPU
		{43841726-A8B9-4F5C-99B2-32B451127B67}.Debug|Any CPU.Build.0 = Debug|Any CPU
		{43841726-A8B9-4F5C-99B2-32B451127B67}.Debug|Any CPU.Deploy.0 = Debug|Any CPU
		{43841726-A8B9-4F5C-99B2-32B451127B67}.Debug|iPhone.ActiveCfg = Debug|Any CPU
		{43841726-A8B9-4F5C-99B2-32B451127B67}.Debug|iPhone.Build.0 = Debug|Any CPU
		{43841726-A8B9-4F5C-99B2-32B451127B67}.Debug|iPhone.Deploy.0 = Debug|Any CPU
		{43841726-A8B9-4F5C-99B2-32B451127B67}.Debug|iPhoneSimulator.ActiveCfg = Debug|Any CPU
		{43841726-A8B9-4F5C-99B2-32B451127B67}.Debug|iPhoneSimulator.Build.0 = Debug|Any CPU
		{43841726-A8B9-4F5C-99B2-32B451127B67}.Debug|iPhoneSimulator.Deploy.0 = Debug|Any CPU
		{43841726-A8B9-4F5C-99B2-32B451127B67}.Release|Any CPU.ActiveCfg = Release|Any CPU
		{43841726-A8B9-4F5C-99B2-32B451127B67}.Release|Any CPU.Build.0 = Release|Any CPU
		{43841726-A8B9-4F5C-99B2-32B451127B67}.Release|Any CPU.Deploy.0 = Release|Any CPU
		{43841726-A8B9-4F5C-99B2-32B451127B67}.Release|iPhone.ActiveCfg = Release|Any CPU
		{43841726-A8B9-4F5C-99B2-32B451127B67}.Release|iPhone.Build.0 = Release|Any CPU
		{43841726-A8B9-4F5C-99B2-32B451127B67}.Release|iPhone.Deploy.0 = Release|Any CPU
		{43841726-A8B9-4F5C-99B2-32B451127B67}.Release|iPhoneSimulator.ActiveCfg = Release|Any CPU
		{43841726-A8B9-4F5C-99B2-32B451127B67}.Release|iPhoneSimulator.Build.0 = Release|Any CPU
		{43841726-A8B9-4F5C-99B2-32B451127B67}.Release|iPhoneSimulator.Deploy.0 = Release|Any CPU
		{C5AA34D5-2FD1-4209-B927-0C8B0D2060C4}.Ad-Hoc|Any CPU.ActiveCfg = Ad-Hoc|iPhone
		{C5AA34D5-2FD1-4209-B927-0C8B0D2060C4}.Ad-Hoc|Any CPU.Build.0 = Ad-Hoc|iPhone
		{C5AA34D5-2FD1-4209-B927-0C8B0D2060C4}.Ad-Hoc|Any CPU.Deploy.0 = Ad-Hoc|iPhone
		{C5AA34D5-2FD1-4209-B927-0C8B0D2060C4}.Ad-Hoc|iPhone.ActiveCfg = Ad-Hoc|iPhone
		{C5AA34D5-2FD1-4209-B927-0C8B0D2060C4}.Ad-Hoc|iPhone.Build.0 = Ad-Hoc|iPhone
		{C5AA34D5-2FD1-4209-B927-0C8B0D2060C4}.Ad-Hoc|iPhone.Deploy.0 = Ad-Hoc|iPhone
		{C5AA34D5-2FD1-4209-B927-0C8B0D2060C4}.Ad-Hoc|iPhoneSimulator.ActiveCfg = Ad-Hoc|iPhoneSimulator
		{C5AA34D5-2FD1-4209-B927-0C8B0D2060C4}.Ad-Hoc|iPhoneSimulator.Build.0 = Ad-Hoc|iPhoneSimulator
		{C5AA34D5-2FD1-4209-B927-0C8B0D2060C4}.Ad-Hoc|iPhoneSimulator.Deploy.0 = Ad-Hoc|iPhoneSimulator
		{C5AA34D5-2FD1-4209-B927-0C8B0D2060C4}.AppStore|Any CPU.ActiveCfg = AppStore|iPhone
		{C5AA34D5-2FD1-4209-B927-0C8B0D2060C4}.AppStore|Any CPU.Build.0 = AppStore|iPhone
		{C5AA34D5-2FD1-4209-B927-0C8B0D2060C4}.AppStore|Any CPU.Deploy.0 = AppStore|iPhone
		{C5AA34D5-2FD1-4209-B927-0C8B0D2060C4}.AppStore|iPhone.ActiveCfg = AppStore|iPhone
		{C5AA34D5-2FD1-4209-B927-0C8B0D2060C4}.AppStore|iPhone.Build.0 = AppStore|iPhone
		{C5AA34D5-2FD1-4209-B927-0C8B0D2060C4}.AppStore|iPhone.Deploy.0 = AppStore|iPhone
		{C5AA34D5-2FD1-4209-B927-0C8B0D2060C4}.AppStore|iPhoneSimulator.ActiveCfg = AppStore|iPhoneSimulator
		{C5AA34D5-2FD1-4209-B927-0C8B0D2060C4}.AppStore|iPhoneSimulator.Build.0 = AppStore|iPhoneSimulator
		{C5AA34D5-2FD1-4209-B927-0C8B0D2060C4}.AppStore|iPhoneSimulator.Deploy.0 = AppStore|iPhoneSimulator
		{C5AA34D5-2FD1-4209-B927-0C8B0D2060C4}.Debug|Any CPU.ActiveCfg = Debug|iPhoneSimulator
		{C5AA34D5-2FD1-4209-B927-0C8B0D2060C4}.Debug|Any CPU.Build.0 = Debug|iPhoneSimulator
		{C5AA34D5-2FD1-4209-B927-0C8B0D2060C4}.Debug|Any CPU.Deploy.0 = Debug|iPhoneSimulator
		{C5AA34D5-2FD1-4209-B927-0C8B0D2060C4}.Debug|iPhone.ActiveCfg = Debug|iPhone
		{C5AA34D5-2FD1-4209-B927-0C8B0D2060C4}.Debug|iPhone.Build.0 = Debug|iPhone
		{C5AA34D5-2FD1-4209-B927-0C8B0D2060C4}.Debug|iPhone.Deploy.0 = Debug|iPhone
		{C5AA34D5-2FD1-4209-B927-0C8B0D2060C4}.Debug|iPhoneSimulator.ActiveCfg = Debug|iPhoneSimulator
		{C5AA34D5-2FD1-4209-B927-0C8B0D2060C4}.Debug|iPhoneSimulator.Build.0 = Debug|iPhoneSimulator
		{C5AA34D5-2FD1-4209-B927-0C8B0D2060C4}.Debug|iPhoneSimulator.Deploy.0 = Debug|iPhoneSimulator
		{C5AA34D5-2FD1-4209-B927-0C8B0D2060C4}.Release|Any CPU.ActiveCfg = Release|iPhone
		{C5AA34D5-2FD1-4209-B927-0C8B0D2060C4}.Release|Any CPU.Build.0 = Release|iPhone
		{C5AA34D5-2FD1-4209-B927-0C8B0D2060C4}.Release|Any CPU.Deploy.0 = Release|iPhone
		{C5AA34D5-2FD1-4209-B927-0C8B0D2060C4}.Release|iPhone.ActiveCfg = Release|iPhone
		{C5AA34D5-2FD1-4209-B927-0C8B0D2060C4}.Release|iPhone.Build.0 = Release|iPhone
		{C5AA34D5-2FD1-4209-B927-0C8B0D2060C4}.Release|iPhone.Deploy.0 = Release|iPhone
		{C5AA34D5-2FD1-4209-B927-0C8B0D2060C4}.Release|iPhoneSimulator.ActiveCfg = Release|iPhoneSimulator
		{C5AA34D5-2FD1-4209-B927-0C8B0D2060C4}.Release|iPhoneSimulator.Build.0 = Release|iPhoneSimulator
		{C5AA34D5-2FD1-4209-B927-0C8B0D2060C4}.Release|iPhoneSimulator.Deploy.0 = Release|iPhoneSimulator
		{526B05B3-DE95-4B8F-B285-48C11BC73297}.Ad-Hoc|Any CPU.ActiveCfg = Debug|Any CPU
		{526B05B3-DE95-4B8F-B285-48C11BC73297}.Ad-Hoc|Any CPU.Build.0 = Debug|Any CPU
		{526B05B3-DE95-4B8F-B285-48C11BC73297}.Ad-Hoc|Any CPU.Deploy.0 = Debug|Any CPU
		{526B05B3-DE95-4B8F-B285-48C11BC73297}.Ad-Hoc|iPhone.ActiveCfg = Debug|Any CPU
		{526B05B3-DE95-4B8F-B285-48C11BC73297}.Ad-Hoc|iPhone.Build.0 = Debug|Any CPU
		{526B05B3-DE95-4B8F-B285-48C11BC73297}.Ad-Hoc|iPhone.Deploy.0 = Debug|Any CPU
		{526B05B3-DE95-4B8F-B285-48C11BC73297}.Ad-Hoc|iPhoneSimulator.ActiveCfg = Debug|Any CPU
		{526B05B3-DE95-4B8F-B285-48C11BC73297}.Ad-Hoc|iPhoneSimulator.Build.0 = Debug|Any CPU
		{526B05B3-DE95-4B8F-B285-48C11BC73297}.Ad-Hoc|iPhoneSimulator.Deploy.0 = Debug|Any CPU
		{526B05B3-DE95-4B8F-B285-48C11BC73297}.AppStore|Any CPU.ActiveCfg = Debug|Any CPU
		{526B05B3-DE95-4B8F-B285-48C11BC73297}.AppStore|Any CPU.Build.0 = Debug|Any CPU
		{526B05B3-DE95-4B8F-B285-48C11BC73297}.AppStore|Any CPU.Deploy.0 = Debug|Any CPU
		{526B05B3-DE95-4B8F-B285-48C11BC73297}.AppStore|iPhone.ActiveCfg = Debug|Any CPU
		{526B05B3-DE95-4B8F-B285-48C11BC73297}.AppStore|iPhone.Build.0 = Debug|Any CPU
		{526B05B3-DE95-4B8F-B285-48C11BC73297}.AppStore|iPhone.Deploy.0 = Debug|Any CPU
		{526B05B3-DE95-4B8F-B285-48C11BC73297}.AppStore|iPhoneSimulator.ActiveCfg = Debug|Any CPU
		{526B05B3-DE95-4B8F-B285-48C11BC73297}.AppStore|iPhoneSimulator.Build.0 = Debug|Any CPU
		{526B05B3-DE95-4B8F-B285-48C11BC73297}.AppStore|iPhoneSimulator.Deploy.0 = Debug|Any CPU
		{526B05B3-DE95-4B8F-B285-48C11BC73297}.Debug|Any CPU.ActiveCfg = Debug|Any CPU
		{526B05B3-DE95-4B8F-B285-48C11BC73297}.Debug|Any CPU.Build.0 = Debug|Any CPU
		{526B05B3-DE95-4B8F-B285-48C11BC73297}.Debug|Any CPU.Deploy.0 = Debug|Any CPU
		{526B05B3-DE95-4B8F-B285-48C11BC73297}.Debug|iPhone.ActiveCfg = Debug|Any CPU
		{526B05B3-DE95-4B8F-B285-48C11BC73297}.Debug|iPhone.Build.0 = Debug|Any CPU
		{526B05B3-DE95-4B8F-B285-48C11BC73297}.Debug|iPhone.Deploy.0 = Debug|Any CPU
		{526B05B3-DE95-4B8F-B285-48C11BC73297}.Debug|iPhoneSimulator.ActiveCfg = Debug|Any CPU
		{526B05B3-DE95-4B8F-B285-48C11BC73297}.Debug|iPhoneSimulator.Build.0 = Debug|Any CPU
		{526B05B3-DE95-4B8F-B285-48C11BC73297}.Debug|iPhoneSimulator.Deploy.0 = Debug|Any CPU
		{526B05B3-DE95-4B8F-B285-48C11BC73297}.Release|Any CPU.ActiveCfg = Release|Any CPU
		{526B05B3-DE95-4B8F-B285-48C11BC73297}.Release|Any CPU.Build.0 = Release|Any CPU
		{526B05B3-DE95-4B8F-B285-48C11BC73297}.Release|Any CPU.Deploy.0 = Release|Any CPU
		{526B05B3-DE95-4B8F-B285-48C11BC73297}.Release|iPhone.ActiveCfg = Release|Any CPU
		{526B05B3-DE95-4B8F-B285-48C11BC73297}.Release|iPhone.Build.0 = Release|Any CPU
		{526B05B3-DE95-4B8F-B285-48C11BC73297}.Release|iPhone.Deploy.0 = Release|Any CPU
		{526B05B3-DE95-4B8F-B285-48C11BC73297}.Release|iPhoneSimulator.ActiveCfg = Release|Any CPU
		{526B05B3-DE95-4B8F-B285-48C11BC73297}.Release|iPhoneSimulator.Build.0 = Release|Any CPU
		{526B05B3-DE95-4B8F-B285-48C11BC73297}.Release|iPhoneSimulator.Deploy.0 = Release|Any CPU
	EndGlobalSection
	GlobalSection(SolutionProperties) = preSolution
		HideSolutionNode = FALSE
	EndGlobalSection
	GlobalSection(ExtensibilityGlobals) = postSolution
		SolutionGuid = {2A0EF27E-D937-48AA-8EFE-51E38EBF2D17}
	EndGlobalSection
EndGlobal
